
Microsoft Visual Studio Solution File, Format Version 12.00
# Visual Studio Version 17
VisualStudioVersion = 17.5.33424.131
MinimumVisualStudioVersion = 10.0.40219.1
Project("{FAE04EC0-301F-11D3-BF4B-00C04F79EFBC}") = "cadastro produto", "cadastro produto\cadastro produto.csproj", "{A38579B7-077A-4DDE-AEB6-F540145FE212}"
EndProject
Global
	GlobalSection(SolutionConfigurationPlatforms) = preSolution
		Debug|Any CPU = Debug|Any CPU
		Release|Any CPU = Release|Any CPU
	EndGlobalSection
	GlobalSection(ProjectConfigurationPlatforms) = postSolution
		{A38579B7-077A-4DDE-AEB6-F540145FE212}.Debug|Any CPU.ActiveCfg = Debug|Any CPU
		{A38579B7-077A-4DDE-AEB6-F540145FE212}.Debug|Any CPU.Build.0 = Debug|Any CPU
		{A38579B7-077A-4DDE-AEB6-F540145FE212}.Release|Any CPU.ActiveCfg = Release|Any CPU
		{A38579B7-077A-4DDE-AEB6-F540145FE212}.Release|Any CPU.Build.0 = Release|Any CPU
	EndGlobalSection
	GlobalSection(SolutionProperties) = preSolution
		HideSolutionNode = FALSE
	EndGlobalSection
	GlobalSection(ExtensibilityGlobals) = postSolution
		SolutionGuid = {4644FB7E-13A1-4C31-B92B-2807DB0389FD}
	EndGlobalSection
EndGlobal
